
Microsoft Visual Studio Solution File, Format Version 12.00
# Visual Studio Version 16
VisualStudioVersion = 16.0.30406.217
MinimumVisualStudioVersion = 10.0.40219.1
Project("{FAE04EC0-301F-11D3-BF4B-00C04F79EFBC}") = "Projeto_Bancario_Heranca", "Projeto_Bancario_Heranca.csproj", "{80E30AE4-458C-4BDA-84BA-C77443790174}"
EndProject
Global
	GlobalSection(SolutionConfigurationPlatforms) = preSolution
		Debug|Any CPU = Debug|Any CPU
		Release|Any CPU = Release|Any CPU
	EndGlobalSection
	GlobalSection(ProjectConfigurationPlatforms) = postSolution
		{80E30AE4-458C-4BDA-84BA-C77443790174}.Debug|Any CPU.ActiveCfg = Debug|Any CPU
		{80E30AE4-458C-4BDA-84BA-C77443790174}.Debug|Any CPU.Build.0 = Debug|Any CPU
		{80E30AE4-458C-4BDA-84BA-C77443790174}.Release|Any CPU.ActiveCfg = Release|Any CPU
		{80E30AE4-458C-4BDA-84BA-C77443790174}.Release|Any CPU.Build.0 = Release|Any CPU
	EndGlobalSection
	GlobalSection(SolutionProperties) = preSolution
		HideSolutionNode = FALSE
	EndGlobalSection
	GlobalSection(ExtensibilityGlobals) = postSolution
		SolutionGuid = {6F9D7CFB-8DC1-4CCA-978A-98D783991A42}
	EndGlobalSection
EndGlobal
