
Microsoft Visual Studio Solution File, Format Version 12.00
# Visual Studio Version 16
VisualStudioVersion = 16.0.30611.23
MinimumVisualStudioVersion = 10.0.40219.1
Project("{FAE04EC0-301F-11D3-BF4B-00C04F79EFBC}") = "NomeIdade_Indice", "NomeIdade_Indice.csproj", "{F25023F3-517B-42F2-BE03-55CAC8B626A1}"
EndProject
Global
	GlobalSection(SolutionConfigurationPlatforms) = preSolution
		Debug|Any CPU = Debug|Any CPU
		Release|Any CPU = Release|Any CPU
	EndGlobalSection
	GlobalSection(ProjectConfigurationPlatforms) = postSolution
		{F25023F3-517B-42F2-BE03-55CAC8B626A1}.Debug|Any CPU.ActiveCfg = Debug|Any CPU
		{F25023F3-517B-42F2-BE03-55CAC8B626A1}.Debug|Any CPU.Build.0 = Debug|Any CPU
		{F25023F3-517B-42F2-BE03-55CAC8B626A1}.Release|Any CPU.ActiveCfg = Release|Any CPU
		{F25023F3-517B-42F2-BE03-55CAC8B626A1}.Release|Any CPU.Build.0 = Release|Any CPU
	EndGlobalSection
	GlobalSection(SolutionProperties) = preSolution
		HideSolutionNode = FALSE
	EndGlobalSection
	GlobalSection(ExtensibilityGlobals) = postSolution
		SolutionGuid = {75F02BBC-4A49-47CE-B211-CFDB4E88461A}
	EndGlobalSection
EndGlobal
