
Microsoft Visual Studio Solution File, Format Version 12.00
# Visual Studio Version 16
VisualStudioVersion = 16.0.29509.3
MinimumVisualStudioVersion = 10.0.40219.1
Project("{FAE04EC0-301F-11D3-BF4B-00C04F79EFBC}") = "Exercicio_Fixacao01", "Exercicio_Fixacao01.csproj", "{3F0FA50D-7A8F-4AD1-8924-2B8DE7E266C7}"
EndProject
Global
	GlobalSection(SolutionConfigurationPlatforms) = preSolution
		Debug|Any CPU = Debug|Any CPU
		Release|Any CPU = Release|Any CPU
	EndGlobalSection
	GlobalSection(ProjectConfigurationPlatforms) = postSolution
		{3F0FA50D-7A8F-4AD1-8924-2B8DE7E266C7}.Debug|Any CPU.ActiveCfg = Debug|Any CPU
		{3F0FA50D-7A8F-4AD1-8924-2B8DE7E266C7}.Debug|Any CPU.Build.0 = Debug|Any CPU
		{3F0FA50D-7A8F-4AD1-8924-2B8DE7E266C7}.Release|Any CPU.ActiveCfg = Release|Any CPU
		{3F0FA50D-7A8F-4AD1-8924-2B8DE7E266C7}.Release|Any CPU.Build.0 = Release|Any CPU
	EndGlobalSection
	GlobalSection(SolutionProperties) = preSolution
		HideSolutionNode = FALSE
	EndGlobalSection
	GlobalSection(ExtensibilityGlobals) = postSolution
		SolutionGuid = {23493F45-3BF3-4836-B470-B61581A9C492}
	EndGlobalSection
EndGlobal
