
Microsoft Visual Studio Solution File, Format Version 12.00
# Visual Studio Version 16
VisualStudioVersion = 16.0.30011.22
MinimumVisualStudioVersion = 10.0.40219.1
Project("{FAE04EC0-301F-11D3-BF4B-00C04F79EFBC}") = "Somar_Valores", "Somar_Valores.csproj", "{7710AEF8-C65E-4025-9251-8DE436A71767}"
EndProject
Global
	GlobalSection(SolutionConfigurationPlatforms) = preSolution
		Debug|Any CPU = Debug|Any CPU
		Release|Any CPU = Release|Any CPU
	EndGlobalSection
	GlobalSection(ProjectConfigurationPlatforms) = postSolution
		{7710AEF8-C65E-4025-9251-8DE436A71767}.Debug|Any CPU.ActiveCfg = Debug|Any CPU
		{7710AEF8-C65E-4025-9251-8DE436A71767}.Debug|Any CPU.Build.0 = Debug|Any CPU
		{7710AEF8-C65E-4025-9251-8DE436A71767}.Release|Any CPU.ActiveCfg = Release|Any CPU
		{7710AEF8-C65E-4025-9251-8DE436A71767}.Release|Any CPU.Build.0 = Release|Any CPU
	EndGlobalSection
	GlobalSection(SolutionProperties) = preSolution
		HideSolutionNode = FALSE
	EndGlobalSection
	GlobalSection(ExtensibilityGlobals) = postSolution
		SolutionGuid = {D9D756B6-FE5C-490B-B6AE-FF4D92F48F48}
	EndGlobalSection
EndGlobal
