
Microsoft Visual Studio Solution File, Format Version 12.00
# Visual Studio Version 16
VisualStudioVersion = 16.0.30406.217
MinimumVisualStudioVersion = 10.0.40219.1
Project("{FAE04EC0-301F-11D3-BF4B-00C04F79EFBC}") = "ListViewPersonalizada", "ListViewPersonalizada.csproj", "{9C052479-6222-444F-9101-D99CC4B4CDCC}"
EndProject
Global
	GlobalSection(SolutionConfigurationPlatforms) = preSolution
		Debug|Any CPU = Debug|Any CPU
		Release|Any CPU = Release|Any CPU
	EndGlobalSection
	GlobalSection(ProjectConfigurationPlatforms) = postSolution
		{9C052479-6222-444F-9101-D99CC4B4CDCC}.Debug|Any CPU.ActiveCfg = Debug|Any CPU
		{9C052479-6222-444F-9101-D99CC4B4CDCC}.Debug|Any CPU.Build.0 = Debug|Any CPU
		{9C052479-6222-444F-9101-D99CC4B4CDCC}.Debug|Any CPU.Deploy.0 = Debug|Any CPU
		{9C052479-6222-444F-9101-D99CC4B4CDCC}.Release|Any CPU.ActiveCfg = Release|Any CPU
		{9C052479-6222-444F-9101-D99CC4B4CDCC}.Release|Any CPU.Build.0 = Release|Any CPU
		{9C052479-6222-444F-9101-D99CC4B4CDCC}.Release|Any CPU.Deploy.0 = Release|Any CPU
	EndGlobalSection
	GlobalSection(SolutionProperties) = preSolution
		HideSolutionNode = FALSE
	EndGlobalSection
	GlobalSection(ExtensibilityGlobals) = postSolution
		SolutionGuid = {30113183-4A4D-4BDA-9EF9-2B48602B3260}
	EndGlobalSection
EndGlobal
